
Microsoft Visual Studio Solution File, Format Version 12.00
# Visual Studio Version 16
VisualStudioVersion = 16.0.30011.22
MinimumVisualStudioVersion = 10.0.40219.1
Project("{FAE04EC0-301F-11D3-BF4B-00C04F79EFBC}") = "Lab1_IStaTP", "Lab1_IStaTP\Lab1_IStaTP.csproj", "{2ADBEBE5-AF6D-430E-8374-B2EDE9801DDB}"
EndProject
Global
	GlobalSection(SolutionConfigurationPlatforms) = preSolution
		Debug|Any CPU = Debug|Any CPU
		Release|Any CPU = Release|Any CPU
	EndGlobalSection
	GlobalSection(ProjectConfigurationPlatforms) = postSolution
		{2ADBEBE5-AF6D-430E-8374-B2EDE9801DDB}.Debug|Any CPU.ActiveCfg = Debug|Any CPU
		{2ADBEBE5-AF6D-430E-8374-B2EDE9801DDB}.Debug|Any CPU.Build.0 = Debug|Any CPU
		{2ADBEBE5-AF6D-430E-8374-B2EDE9801DDB}.Release|Any CPU.ActiveCfg = Release|Any CPU
		{2ADBEBE5-AF6D-430E-8374-B2EDE9801DDB}.Release|Any CPU.Build.0 = Release|Any CPU
	EndGlobalSection
	GlobalSection(SolutionProperties) = preSolution
		HideSolutionNode = FALSE
	EndGlobalSection
	GlobalSection(ExtensibilityGlobals) = postSolution
		SolutionGuid = {52A5E0E8-1975-4892-A8B2-73EE07E0CB85}
	EndGlobalSection
EndGlobal
